
Microsoft Visual Studio Solution File, Format Version 12.00
# Visual Studio Version 16
VisualStudioVersion = 16.0.30621.155
MinimumVisualStudioVersion = 10.0.40219.1
Project("{FAE04EC0-301F-11D3-BF4B-00C04F79EFBC}") = "Innova_Error_Reader", "Innova_Error_Reader\Innova_Error_Reader.csproj", "{3A63B200-939E-4E6D-A3F7-EF44057CF2B3}"
EndProject
Global
	GlobalSection(SolutionConfigurationPlatforms) = preSolution
		Debug|Any CPU = Debug|Any CPU
		Release|Any CPU = Release|Any CPU
	EndGlobalSection
	GlobalSection(ProjectConfigurationPlatforms) = postSolution
		{3A63B200-939E-4E6D-A3F7-EF44057CF2B3}.Debug|Any CPU.ActiveCfg = Debug|Any CPU
		{3A63B200-939E-4E6D-A3F7-EF44057CF2B3}.Debug|Any CPU.Build.0 = Debug|Any CPU
		{3A63B200-939E-4E6D-A3F7-EF44057CF2B3}.Release|Any CPU.ActiveCfg = Release|Any CPU
		{3A63B200-939E-4E6D-A3F7-EF44057CF2B3}.Release|Any CPU.Build.0 = Release|Any CPU
	EndGlobalSection
	GlobalSection(SolutionProperties) = preSolution
		HideSolutionNode = FALSE
	EndGlobalSection
	GlobalSection(ExtensibilityGlobals) = postSolution
		SolutionGuid = {0D95ECE0-9C9A-4497-9E28-B807665DDC72}
	EndGlobalSection
EndGlobal
